
Microsoft Visual Studio Solution File, Format Version 12.00
# Visual Studio 15
VisualStudioVersion = 15.0.26430.6
MinimumVisualStudioVersion = 10.0.40219.1
Project("{2150E333-8FDC-42A3-9474-1A3956D46DE8}") = "Client", "Client", "{F8367DCD-C229-4ADA-A267-700F2A654EA0}"
EndProject
Project("{FAE04EC0-301F-11D3-BF4B-00C04F79EFBC}") = "RepairShop.Android", "RepairShop\RepairShop.Android\RepairShop.Android.csproj", "{7C70DEC1-CB95-4BA1-8806-878BFE3CE7BD}"
EndProject
Project("{FAE04EC0-301F-11D3-BF4B-00C04F79EFBC}") = "RepairShop", "RepairShop\RepairShop\RepairShop.csproj", "{84221E60-C0A0-4C13-A029-699295FF5C27}"
EndProject
Project("{FAE04EC0-301F-11D3-BF4B-00C04F79EFBC}") = "RepairShop.iOS", "RepairShop\RepairShop.iOS\RepairShop.iOS.csproj", "{B1F23D90-45F1-43A1-8AC1-9B27FBDCAF0F}"
EndProject
Project("{2150E333-8FDC-42A3-9474-1A3956D46DE8}") = "Framework", "Framework", "{D18DC830-0602-4B50-A0F8-9ED07774804E}"
EndProject
Project("{FAE04EC0-301F-11D3-BF4B-00C04F79EFBC}") = "RepairShop.UI.View", "RepairShop.UI.View\RepairShop.UI.View.csproj", "{FE46179A-B691-4484-BF7B-2A0F1EA39A87}"
EndProject
Project("{FAE04EC0-301F-11D3-BF4B-00C04F79EFBC}") = "RepairShop.UI.Controller", "RepairShop.UI.Controller\RepairShop.UI.Controller.csproj", "{67F9D3A8-F71E-4428-913F-C37AE82CDB24}"
EndProject
Project("{FAE04EC0-301F-11D3-BF4B-00C04F79EFBC}") = "RepairShop.UI.ViewModel", "RepairShop.UI.ViewModel\RepairShop.UI.ViewModel.csproj", "{14CEADAF-7292-41D4-83BF-26CA3AFDC596}"
EndProject
Project("{FAE04EC0-301F-11D3-BF4B-00C04F79EFBC}") = "RepairShop.Core", "RepairShop.Core\RepairShop.Core.csproj", "{B7019150-4450-419C-8B7D-0E8EDCCA86F5}"
EndProject
Project("{2150E333-8FDC-42A3-9474-1A3956D46DE8}") = "Concrete", "Concrete", "{23827C35-5144-466F-A75A-160A7C300877}"
EndProject
Project("{FAE04EC0-301F-11D3-BF4B-00C04F79EFBC}") = "RepairShop.UI.Controller.Concrete", "RepairShop.UI.Controller.Concrete\RepairShop.UI.Controller.Concrete.csproj", "{B0E09999-EDDF-42F3-8AFC-65E7AC489C16}"
EndProject
Project("{FAE04EC0-301F-11D3-BF4B-00C04F79EFBC}") = "RepairShop.UI.View.Concrete", "RepairShop.UI.View.Concrete\RepairShop.UI.View.Concrete.csproj", "{0D1CC3B4-AF84-449B-A837-5E477D5D1800}"
EndProject
Project("{FAE04EC0-301F-11D3-BF4B-00C04F79EFBC}") = "RepairShop.UI.ViewModel.Concrete", "RepairShop.UI.ViewModel.Concrete\RepairShop.UI.ViewModel.Concrete.csproj", "{9C5B7F09-701E-4529-8719-AE1B4D82074F}"
EndProject
Global
	GlobalSection(SolutionConfigurationPlatforms) = preSolution
		Ad-Hoc|Any CPU = Ad-Hoc|Any CPU
		Ad-Hoc|iPhone = Ad-Hoc|iPhone
		Ad-Hoc|iPhoneSimulator = Ad-Hoc|iPhoneSimulator
		AppStore|Any CPU = AppStore|Any CPU
		AppStore|iPhone = AppStore|iPhone
		AppStore|iPhoneSimulator = AppStore|iPhoneSimulator
		Debug|Any CPU = Debug|Any CPU
		Debug|iPhone = Debug|iPhone
		Debug|iPhoneSimulator = Debug|iPhoneSimulator
		Release|Any CPU = Release|Any CPU
		Release|iPhone = Release|iPhone
		Release|iPhoneSimulator = Release|iPhoneSimulator
	EndGlobalSection
	GlobalSection(ProjectConfigurationPlatforms) = postSolution
		{7C70DEC1-CB95-4BA1-8806-878BFE3CE7BD}.Ad-Hoc|Any CPU.ActiveCfg = Release|Any CPU
		{7C70DEC1-CB95-4BA1-8806-878BFE3CE7BD}.Ad-Hoc|Any CPU.Build.0 = Release|Any CPU
		{7C70DEC1-CB95-4BA1-8806-878BFE3CE7BD}.Ad-Hoc|Any CPU.Deploy.0 = Release|Any CPU
		{7C70DEC1-CB95-4BA1-8806-878BFE3CE7BD}.Ad-Hoc|iPhone.ActiveCfg = Release|Any CPU
		{7C70DEC1-CB95-4BA1-8806-878BFE3CE7BD}.Ad-Hoc|iPhone.Build.0 = Release|Any CPU
		{7C70DEC1-CB95-4BA1-8806-878BFE3CE7BD}.Ad-Hoc|iPhone.Deploy.0 = Release|Any CPU
		{7C70DEC1-CB95-4BA1-8806-878BFE3CE7BD}.Ad-Hoc|iPhoneSimulator.ActiveCfg = Release|Any CPU
		{7C70DEC1-CB95-4BA1-8806-878BFE3CE7BD}.Ad-Hoc|iPhoneSimulator.Build.0 = Release|Any CPU
		{7C70DEC1-CB95-4BA1-8806-878BFE3CE7BD}.Ad-Hoc|iPhoneSimulator.Deploy.0 = Release|Any CPU
		{7C70DEC1-CB95-4BA1-8806-878BFE3CE7BD}.AppStore|Any CPU.ActiveCfg = Release|Any CPU
		{7C70DEC1-CB95-4BA1-8806-878BFE3CE7BD}.AppStore|Any CPU.Build.0 = Release|Any CPU
		{7C70DEC1-CB95-4BA1-8806-878BFE3CE7BD}.AppStore|Any CPU.Deploy.0 = Release|Any CPU
		{7C70DEC1-CB95-4BA1-8806-878BFE3CE7BD}.AppStore|iPhone.ActiveCfg = Release|Any CPU
		{7C70DEC1-CB95-4BA1-8806-878BFE3CE7BD}.AppStore|iPhone.Build.0 = Release|Any CPU
		{7C70DEC1-CB95-4BA1-8806-878BFE3CE7BD}.AppStore|iPhone.Deploy.0 = Release|Any CPU
		{7C70DEC1-CB95-4BA1-8806-878BFE3CE7BD}.AppStore|iPhoneSimulator.ActiveCfg = Release|Any CPU
		{7C70DEC1-CB95-4BA1-8806-878BFE3CE7BD}.AppStore|iPhoneSimulator.Build.0 = Release|Any CPU
		{7C70DEC1-CB95-4BA1-8806-878BFE3CE7BD}.AppStore|iPhoneSimulator.Deploy.0 = Release|Any CPU
		{7C70DEC1-CB95-4BA1-8806-878BFE3CE7BD}.Debug|Any CPU.ActiveCfg = Debug|Any CPU
		{7C70DEC1-CB95-4BA1-8806-878BFE3CE7BD}.Debug|Any CPU.Build.0 = Debug|Any CPU
		{7C70DEC1-CB95-4BA1-8806-878BFE3CE7BD}.Debug|Any CPU.Deploy.0 = Debug|Any CPU
		{7C70DEC1-CB95-4BA1-8806-878BFE3CE7BD}.Debug|iPhone.ActiveCfg = Debug|Any CPU
		{7C70DEC1-CB95-4BA1-8806-878BFE3CE7BD}.Debug|iPhone.Build.0 = Debug|Any CPU
		{7C70DEC1-CB95-4BA1-8806-878BFE3CE7BD}.Debug|iPhone.Deploy.0 = Debug|Any CPU
		{7C70DEC1-CB95-4BA1-8806-878BFE3CE7BD}.Debug|iPhoneSimulator.ActiveCfg = Debug|Any CPU
		{7C70DEC1-CB95-4BA1-8806-878BFE3CE7BD}.Debug|iPhoneSimulator.Build.0 = Debug|Any CPU
		{7C70DEC1-CB95-4BA1-8806-878BFE3CE7BD}.Debug|iPhoneSimulator.Deploy.0 = Debug|Any CPU
		{7C70DEC1-CB95-4BA1-8806-878BFE3CE7BD}.Release|Any CPU.ActiveCfg = Release|Any CPU
		{7C70DEC1-CB95-4BA1-8806-878BFE3CE7BD}.Release|Any CPU.Build.0 = Release|Any CPU
		{7C70DEC1-CB95-4BA1-8806-878BFE3CE7BD}.Release|Any CPU.Deploy.0 = Release|Any CPU
		{7C70DEC1-CB95-4BA1-8806-878BFE3CE7BD}.Release|iPhone.ActiveCfg = Release|Any CPU
		{7C70DEC1-CB95-4BA1-8806-878BFE3CE7BD}.Release|iPhone.Build.0 = Release|Any CPU
		{7C70DEC1-CB95-4BA1-8806-878BFE3CE7BD}.Release|iPhone.Deploy.0 = Release|Any CPU
		{7C70DEC1-CB95-4BA1-8806-878BFE3CE7BD}.Release|iPhoneSimulator.ActiveCfg = Release|Any CPU
		{7C70DEC1-CB95-4BA1-8806-878BFE3CE7BD}.Release|iPhoneSimulator.Build.0 = Release|Any CPU
		{7C70DEC1-CB95-4BA1-8806-878BFE3CE7BD}.Release|iPhoneSimulator.Deploy.0 = Release|Any CPU
		{84221E60-C0A0-4C13-A029-699295FF5C27}.Ad-Hoc|Any CPU.ActiveCfg = Release|Any CPU
		{84221E60-C0A0-4C13-A029-699295FF5C27}.Ad-Hoc|Any CPU.Build.0 = Release|Any CPU
		{84221E60-C0A0-4C13-A029-699295FF5C27}.Ad-Hoc|iPhone.ActiveCfg = Release|Any CPU
		{84221E60-C0A0-4C13-A029-699295FF5C27}.Ad-Hoc|iPhone.Build.0 = Release|Any CPU
		{84221E60-C0A0-4C13-A029-699295FF5C27}.Ad-Hoc|iPhoneSimulator.ActiveCfg = Release|Any CPU
		{84221E60-C0A0-4C13-A029-699295FF5C27}.Ad-Hoc|iPhoneSimulator.Build.0 = Release|Any CPU
		{84221E60-C0A0-4C13-A029-699295FF5C27}.AppStore|Any CPU.ActiveCfg = Release|Any CPU
		{84221E60-C0A0-4C13-A029-699295FF5C27}.AppStore|Any CPU.Build.0 = Release|Any CPU
		{84221E60-C0A0-4C13-A029-699295FF5C27}.AppStore|iPhone.ActiveCfg = Release|Any CPU
		{84221E60-C0A0-4C13-A029-699295FF5C27}.AppStore|iPhone.Build.0 = Release|Any CPU
		{84221E60-C0A0-4C13-A029-699295FF5C27}.AppStore|iPhoneSimulator.ActiveCfg = Release|Any CPU
		{84221E60-C0A0-4C13-A029-699295FF5C27}.AppStore|iPhoneSimulator.Build.0 = Release|Any CPU
		{84221E60-C0A0-4C13-A029-699295FF5C27}.Debug|Any CPU.ActiveCfg = Debug|Any CPU
		{84221E60-C0A0-4C13-A029-699295FF5C27}.Debug|Any CPU.Build.0 = Debug|Any CPU
		{84221E60-C0A0-4C13-A029-699295FF5C27}.Debug|iPhone.ActiveCfg = Debug|Any CPU
		{84221E60-C0A0-4C13-A029-699295FF5C27}.Debug|iPhone.Build.0 = Debug|Any CPU
		{84221E60-C0A0-4C13-A029-699295FF5C27}.Debug|iPhoneSimulator.ActiveCfg = Debug|Any CPU
		{84221E60-C0A0-4C13-A029-699295FF5C27}.Debug|iPhoneSimulator.Build.0 = Debug|Any CPU
		{84221E60-C0A0-4C13-A029-699295FF5C27}.Release|Any CPU.ActiveCfg = Release|Any CPU
		{84221E60-C0A0-4C13-A029-699295FF5C27}.Release|Any CPU.Build.0 = Release|Any CPU
		{84221E60-C0A0-4C13-A029-699295FF5C27}.Release|iPhone.ActiveCfg = Release|Any CPU
		{84221E60-C0A0-4C13-A029-699295FF5C27}.Release|iPhone.Build.0 = Release|Any CPU
		{84221E60-C0A0-4C13-A029-699295FF5C27}.Release|iPhoneSimulator.ActiveCfg = Release|Any CPU
		{84221E60-C0A0-4C13-A029-699295FF5C27}.Release|iPhoneSimulator.Build.0 = Release|Any CPU
		{B1F23D90-45F1-43A1-8AC1-9B27FBDCAF0F}.Ad-Hoc|Any CPU.ActiveCfg = Ad-Hoc|iPhone
		{B1F23D90-45F1-43A1-8AC1-9B27FBDCAF0F}.Ad-Hoc|iPhone.ActiveCfg = Ad-Hoc|iPhone
		{B1F23D90-45F1-43A1-8AC1-9B27FBDCAF0F}.Ad-Hoc|iPhone.Build.0 = Ad-Hoc|iPhone
		{B1F23D90-45F1-43A1-8AC1-9B27FBDCAF0F}.Ad-Hoc|iPhoneSimulator.ActiveCfg = Ad-Hoc|iPhoneSimulator
		{B1F23D90-45F1-43A1-8AC1-9B27FBDCAF0F}.Ad-Hoc|iPhoneSimulator.Build.0 = Ad-Hoc|iPhoneSimulator
		{B1F23D90-45F1-43A1-8AC1-9B27FBDCAF0F}.AppStore|Any CPU.ActiveCfg = AppStore|iPhone
		{B1F23D90-45F1-43A1-8AC1-9B27FBDCAF0F}.AppStore|iPhone.ActiveCfg = AppStore|iPhone
		{B1F23D90-45F1-43A1-8AC1-9B27FBDCAF0F}.AppStore|iPhone.Build.0 = AppStore|iPhone
		{B1F23D90-45F1-43A1-8AC1-9B27FBDCAF0F}.AppStore|iPhoneSimulator.ActiveCfg = AppStore|iPhoneSimulator
		{B1F23D90-45F1-43A1-8AC1-9B27FBDCAF0F}.AppStore|iPhoneSimulator.Build.0 = AppStore|iPhoneSimulator
		{B1F23D90-45F1-43A1-8AC1-9B27FBDCAF0F}.Debug|Any CPU.ActiveCfg = Debug|iPhone
		{B1F23D90-45F1-43A1-8AC1-9B27FBDCAF0F}.Debug|iPhone.ActiveCfg = Debug|iPhone
		{B1F23D90-45F1-43A1-8AC1-9B27FBDCAF0F}.Debug|iPhone.Build.0 = Debug|iPhone
		{B1F23D90-45F1-43A1-8AC1-9B27FBDCAF0F}.Debug|iPhoneSimulator.ActiveCfg = Debug|iPhoneSimulator
		{B1F23D90-45F1-43A1-8AC1-9B27FBDCAF0F}.Debug|iPhoneSimulator.Build.0 = Debug|iPhoneSimulator
		{B1F23D90-45F1-43A1-8AC1-9B27FBDCAF0F}.Release|Any CPU.ActiveCfg = Release|iPhone
		{B1F23D90-45F1-43A1-8AC1-9B27FBDCAF0F}.Release|iPhone.ActiveCfg = Release|iPhone
		{B1F23D90-45F1-43A1-8AC1-9B27FBDCAF0F}.Release|iPhone.Build.0 = Release|iPhone
		{B1F23D90-45F1-43A1-8AC1-9B27FBDCAF0F}.Release|iPhoneSimulator.ActiveCfg = Release|iPhoneSimulator
		{B1F23D90-45F1-43A1-8AC1-9B27FBDCAF0F}.Release|iPhoneSimulator.Build.0 = Release|iPhoneSimulator
		{FE46179A-B691-4484-BF7B-2A0F1EA39A87}.Ad-Hoc|Any CPU.ActiveCfg = Release|Any CPU
		{FE46179A-B691-4484-BF7B-2A0F1EA39A87}.Ad-Hoc|Any CPU.Build.0 = Release|Any CPU
		{FE46179A-B691-4484-BF7B-2A0F1EA39A87}.Ad-Hoc|iPhone.ActiveCfg = Release|Any CPU
		{FE46179A-B691-4484-BF7B-2A0F1EA39A87}.Ad-Hoc|iPhone.Build.0 = Release|Any CPU
		{FE46179A-B691-4484-BF7B-2A0F1EA39A87}.Ad-Hoc|iPhoneSimulator.ActiveCfg = Release|Any CPU
		{FE46179A-B691-4484-BF7B-2A0F1EA39A87}.Ad-Hoc|iPhoneSimulator.Build.0 = Release|Any CPU
		{FE46179A-B691-4484-BF7B-2A0F1EA39A87}.AppStore|Any CPU.ActiveCfg = Release|Any CPU
		{FE46179A-B691-4484-BF7B-2A0F1EA39A87}.AppStore|Any CPU.Build.0 = Release|Any CPU
		{FE46179A-B691-4484-BF7B-2A0F1EA39A87}.AppStore|iPhone.ActiveCfg = Release|Any CPU
		{FE46179A-B691-4484-BF7B-2A0F1EA39A87}.AppStore|iPhone.Build.0 = Release|Any CPU
		{FE46179A-B691-4484-BF7B-2A0F1EA39A87}.AppStore|iPhoneSimulator.ActiveCfg = Release|Any CPU
		{FE46179A-B691-4484-BF7B-2A0F1EA39A87}.AppStore|iPhoneSimulator.Build.0 = Release|Any CPU
		{FE46179A-B691-4484-BF7B-2A0F1EA39A87}.Debug|Any CPU.ActiveCfg = Debug|Any CPU
		{FE46179A-B691-4484-BF7B-2A0F1EA39A87}.Debug|Any CPU.Build.0 = Debug|Any CPU
		{FE46179A-B691-4484-BF7B-2A0F1EA39A87}.Debug|iPhone.ActiveCfg = Debug|Any CPU
		{FE46179A-B691-4484-BF7B-2A0F1EA39A87}.Debug|iPhone.Build.0 = Debug|Any CPU
		{FE46179A-B691-4484-BF7B-2A0F1EA39A87}.Debug|iPhoneSimulator.ActiveCfg = Debug|Any CPU
		{FE46179A-B691-4484-BF7B-2A0F1EA39A87}.Debug|iPhoneSimulator.Build.0 = Debug|Any CPU
		{FE46179A-B691-4484-BF7B-2A0F1EA39A87}.Release|Any CPU.ActiveCfg = Release|Any CPU
		{FE46179A-B691-4484-BF7B-2A0F1EA39A87}.Release|Any CPU.Build.0 = Release|Any CPU
		{FE46179A-B691-4484-BF7B-2A0F1EA39A87}.Release|iPhone.ActiveCfg = Release|Any CPU
		{FE46179A-B691-4484-BF7B-2A0F1EA39A87}.Release|iPhone.Build.0 = Release|Any CPU
		{FE46179A-B691-4484-BF7B-2A0F1EA39A87}.Release|iPhoneSimulator.ActiveCfg = Release|Any CPU
		{FE46179A-B691-4484-BF7B-2A0F1EA39A87}.Release|iPhoneSimulator.Build.0 = Release|Any CPU
		{67F9D3A8-F71E-4428-913F-C37AE82CDB24}.Ad-Hoc|Any CPU.ActiveCfg = Release|Any CPU
		{67F9D3A8-F71E-4428-913F-C37AE82CDB24}.Ad-Hoc|Any CPU.Build.0 = Release|Any CPU
		{67F9D3A8-F71E-4428-913F-C37AE82CDB24}.Ad-Hoc|iPhone.ActiveCfg = Release|Any CPU
		{67F9D3A8-F71E-4428-913F-C37AE82CDB24}.Ad-Hoc|iPhone.Build.0 = Release|Any CPU
		{67F9D3A8-F71E-4428-913F-C37AE82CDB24}.Ad-Hoc|iPhoneSimulator.ActiveCfg = Release|Any CPU
		{67F9D3A8-F71E-4428-913F-C37AE82CDB24}.Ad-Hoc|iPhoneSimulator.Build.0 = Release|Any CPU
		{67F9D3A8-F71E-4428-913F-C37AE82CDB24}.AppStore|Any CPU.ActiveCfg = Release|Any CPU
		{67F9D3A8-F71E-4428-913F-C37AE82CDB24}.AppStore|Any CPU.Build.0 = Release|Any CPU
		{67F9D3A8-F71E-4428-913F-C37AE82CDB24}.AppStore|iPhone.ActiveCfg = Release|Any CPU
		{67F9D3A8-F71E-4428-913F-C37AE82CDB24}.AppStore|iPhone.Build.0 = Release|Any CPU
		{67F9D3A8-F71E-4428-913F-C37AE82CDB24}.AppStore|iPhoneSimulator.ActiveCfg = Release|Any CPU
		{67F9D3A8-F71E-4428-913F-C37AE82CDB24}.AppStore|iPhoneSimulator.Build.0 = Release|Any CPU
		{67F9D3A8-F71E-4428-913F-C37AE82CDB24}.Debug|Any CPU.ActiveCfg = Debug|Any CPU
		{67F9D3A8-F71E-4428-913F-C37AE82CDB24}.Debug|Any CPU.Build.0 = Debug|Any CPU
		{67F9D3A8-F71E-4428-913F-C37AE82CDB24}.Debug|iPhone.ActiveCfg = Debug|Any CPU
		{67F9D3A8-F71E-4428-913F-C37AE82CDB24}.Debug|iPhone.Build.0 = Debug|Any CPU
		{67F9D3A8-F71E-4428-913F-C37AE82CDB24}.Debug|iPhoneSimulator.ActiveCfg = Debug|Any CPU
		{67F9D3A8-F71E-4428-913F-C37AE82CDB24}.Debug|iPhoneSimulator.Build.0 = Debug|Any CPU
		{67F9D3A8-F71E-4428-913F-C37AE82CDB24}.Release|Any CPU.ActiveCfg = Release|Any CPU
		{67F9D3A8-F71E-4428-913F-C37AE82CDB24}.Release|Any CPU.Build.0 = Release|Any CPU
		{67F9D3A8-F71E-4428-913F-C37AE82CDB24}.Release|iPhone.ActiveCfg = Release|Any CPU
		{67F9D3A8-F71E-4428-913F-C37AE82CDB24}.Release|iPhone.Build.0 = Release|Any CPU
		{67F9D3A8-F71E-4428-913F-C37AE82CDB24}.Release|iPhoneSimulator.ActiveCfg = Release|Any CPU
		{67F9D3A8-F71E-4428-913F-C37AE82CDB24}.Release|iPhoneSimulator.Build.0 = Release|Any CPU
		{14CEADAF-7292-41D4-83BF-26CA3AFDC596}.Ad-Hoc|Any CPU.ActiveCfg = Release|Any CPU
		{14CEADAF-7292-41D4-83BF-26CA3AFDC596}.Ad-Hoc|Any CPU.Build.0 = Release|Any CPU
		{14CEADAF-7292-41D4-83BF-26CA3AFDC596}.Ad-Hoc|iPhone.ActiveCfg = Release|Any CPU
		{14CEADAF-7292-41D4-83BF-26CA3AFDC596}.Ad-Hoc|iPhone.Build.0 = Release|Any CPU
		{14CEADAF-7292-41D4-83BF-26CA3AFDC596}.Ad-Hoc|iPhoneSimulator.ActiveCfg = Release|Any CPU
		{14CEADAF-7292-41D4-83BF-26CA3AFDC596}.Ad-Hoc|iPhoneSimulator.Build.0 = Release|Any CPU
		{14CEADAF-7292-41D4-83BF-26CA3AFDC596}.AppStore|Any CPU.ActiveCfg = Release|Any CPU
		{14CEADAF-7292-41D4-83BF-26CA3AFDC596}.AppStore|Any CPU.Build.0 = Release|Any CPU
		{14CEADAF-7292-41D4-83BF-26CA3AFDC596}.AppStore|iPhone.ActiveCfg = Release|Any CPU
		{14CEADAF-7292-41D4-83BF-26CA3AFDC596}.AppStore|iPhone.Build.0 = Release|Any CPU
		{14CEADAF-7292-41D4-83BF-26CA3AFDC596}.AppStore|iPhoneSimulator.ActiveCfg = Release|Any CPU
		{14CEADAF-7292-41D4-83BF-26CA3AFDC596}.AppStore|iPhoneSimulator.Build.0 = Release|Any CPU
		{14CEADAF-7292-41D4-83BF-26CA3AFDC596}.Debug|Any CPU.ActiveCfg = Debug|Any CPU
		{14CEADAF-7292-41D4-83BF-26CA3AFDC596}.Debug|Any CPU.Build.0 = Debug|Any CPU
		{14CEADAF-7292-41D4-83BF-26CA3AFDC596}.Debug|iPhone.ActiveCfg = Debug|Any CPU
		{14CEADAF-7292-41D4-83BF-26CA3AFDC596}.Debug|iPhone.Build.0 = Debug|Any CPU
		{14CEADAF-7292-41D4-83BF-26CA3AFDC596}.Debug|iPhoneSimulator.ActiveCfg = Debug|Any CPU
		{14CEADAF-7292-41D4-83BF-26CA3AFDC596}.Debug|iPhoneSimulator.Build.0 = Debug|Any CPU
		{14CEADAF-7292-41D4-83BF-26CA3AFDC596}.Release|Any CPU.ActiveCfg = Release|Any CPU
		{14CEADAF-7292-41D4-83BF-26CA3AFDC596}.Release|Any CPU.Build.0 = Release|Any CPU
		{14CEADAF-7292-41D4-83BF-26CA3AFDC596}.Release|iPhone.ActiveCfg = Release|Any CPU
		{14CEADAF-7292-41D4-83BF-26CA3AFDC596}.Release|iPhone.Build.0 = Release|Any CPU
		{14CEADAF-7292-41D4-83BF-26CA3AFDC596}.Release|iPhoneSimulator.ActiveCfg = Release|Any CPU
		{14CEADAF-7292-41D4-83BF-26CA3AFDC596}.Release|iPhoneSimulator.Build.0 = Release|Any CPU
		{B7019150-4450-419C-8B7D-0E8EDCCA86F5}.Ad-Hoc|Any CPU.ActiveCfg = Release|Any CPU
		{B7019150-4450-419C-8B7D-0E8EDCCA86F5}.Ad-Hoc|Any CPU.Build.0 = Release|Any CPU
		{B7019150-4450-419C-8B7D-0E8EDCCA86F5}.Ad-Hoc|iPhone.ActiveCfg = Release|Any CPU
		{B7019150-4450-419C-8B7D-0E8EDCCA86F5}.Ad-Hoc|iPhone.Build.0 = Release|Any CPU
		{B7019150-4450-419C-8B7D-0E8EDCCA86F5}.Ad-Hoc|iPhoneSimulator.ActiveCfg = Release|Any CPU
		{B7019150-4450-419C-8B7D-0E8EDCCA86F5}.Ad-Hoc|iPhoneSimulator.Build.0 = Release|Any CPU
		{B7019150-4450-419C-8B7D-0E8EDCCA86F5}.AppStore|Any CPU.ActiveCfg = Release|Any CPU
		{B7019150-4450-419C-8B7D-0E8EDCCA86F5}.AppStore|Any CPU.Build.0 = Release|Any CPU
		{B7019150-4450-419C-8B7D-0E8EDCCA86F5}.AppStore|iPhone.ActiveCfg = Release|Any CPU
		{B7019150-4450-419C-8B7D-0E8EDCCA86F5}.AppStore|iPhone.Build.0 = Release|Any CPU
		{B7019150-4450-419C-8B7D-0E8EDCCA86F5}.AppStore|iPhoneSimulator.ActiveCfg = Release|Any CPU
		{B7019150-4450-419C-8B7D-0E8EDCCA86F5}.AppStore|iPhoneSimulator.Build.0 = Release|Any CPU
		{B7019150-4450-419C-8B7D-0E8EDCCA86F5}.Debug|Any CPU.ActiveCfg = Debug|Any CPU
		{B7019150-4450-419C-8B7D-0E8EDCCA86F5}.Debug|Any CPU.Build.0 = Debug|Any CPU
		{B7019150-4450-419C-8B7D-0E8EDCCA86F5}.Debug|iPhone.ActiveCfg = Debug|Any CPU
		{B7019150-4450-419C-8B7D-0E8EDCCA86F5}.Debug|iPhone.Build.0 = Debug|Any CPU
		{B7019150-4450-419C-8B7D-0E8EDCCA86F5}.Debug|iPhoneSimulator.ActiveCfg = Debug|Any CPU
		{B7019150-4450-419C-8B7D-0E8EDCCA86F5}.Debug|iPhoneSimulator.Build.0 = Debug|Any CPU
		{B7019150-4450-419C-8B7D-0E8EDCCA86F5}.Release|Any CPU.ActiveCfg = Release|Any CPU
		{B7019150-4450-419C-8B7D-0E8EDCCA86F5}.Release|Any CPU.Build.0 = Release|Any CPU
		{B7019150-4450-419C-8B7D-0E8EDCCA86F5}.Release|iPhone.ActiveCfg = Release|Any CPU
		{B7019150-4450-419C-8B7D-0E8EDCCA86F5}.Release|iPhone.Build.0 = Release|Any CPU
		{B7019150-4450-419C-8B7D-0E8EDCCA86F5}.Release|iPhoneSimulator.ActiveCfg = Release|Any CPU
		{B7019150-4450-419C-8B7D-0E8EDCCA86F5}.Release|iPhoneSimulator.Build.0 = Release|Any CPU
		{B0E09999-EDDF-42F3-8AFC-65E7AC489C16}.Ad-Hoc|Any CPU.ActiveCfg = Release|Any CPU
		{B0E09999-EDDF-42F3-8AFC-65E7AC489C16}.Ad-Hoc|Any CPU.Build.0 = Release|Any CPU
		{B0E09999-EDDF-42F3-8AFC-65E7AC489C16}.Ad-Hoc|iPhone.ActiveCfg = Release|Any CPU
		{B0E09999-EDDF-42F3-8AFC-65E7AC489C16}.Ad-Hoc|iPhone.Build.0 = Release|Any CPU
		{B0E09999-EDDF-42F3-8AFC-65E7AC489C16}.Ad-Hoc|iPhoneSimulator.ActiveCfg = Release|Any CPU
		{B0E09999-EDDF-42F3-8AFC-65E7AC489C16}.Ad-Hoc|iPhoneSimulator.Build.0 = Release|Any CPU
		{B0E09999-EDDF-42F3-8AFC-65E7AC489C16}.AppStore|Any CPU.ActiveCfg = Release|Any CPU
		{B0E09999-EDDF-42F3-8AFC-65E7AC489C16}.AppStore|Any CPU.Build.0 = Release|Any CPU
		{B0E09999-EDDF-42F3-8AFC-65E7AC489C16}.AppStore|iPhone.ActiveCfg = Release|Any CPU
		{B0E09999-EDDF-42F3-8AFC-65E7AC489C16}.AppStore|iPhone.Build.0 = Release|Any CPU
		{B0E09999-EDDF-42F3-8AFC-65E7AC489C16}.AppStore|iPhoneSimulator.ActiveCfg = Release|Any CPU
		{B0E09999-EDDF-42F3-8AFC-65E7AC489C16}.AppStore|iPhoneSimulator.Build.0 = Release|Any CPU
		{B0E09999-EDDF-42F3-8AFC-65E7AC489C16}.Debug|Any CPU.ActiveCfg = Debug|Any CPU
		{B0E09999-EDDF-42F3-8AFC-65E7AC489C16}.Debug|Any CPU.Build.0 = Debug|Any CPU
		{B0E09999-EDDF-42F3-8AFC-65E7AC489C16}.Debug|iPhone.ActiveCfg = Debug|Any CPU
		{B0E09999-EDDF-42F3-8AFC-65E7AC489C16}.Debug|iPhone.Build.0 = Debug|Any CPU
		{B0E09999-EDDF-42F3-8AFC-65E7AC489C16}.Debug|iPhoneSimulator.ActiveCfg = Debug|Any CPU
		{B0E09999-EDDF-42F3-8AFC-65E7AC489C16}.Debug|iPhoneSimulator.Build.0 = Debug|Any CPU
		{B0E09999-EDDF-42F3-8AFC-65E7AC489C16}.Release|Any CPU.ActiveCfg = Release|Any CPU
		{B0E09999-EDDF-42F3-8AFC-65E7AC489C16}.Release|Any CPU.Build.0 = Release|Any CPU
		{B0E09999-EDDF-42F3-8AFC-65E7AC489C16}.Release|iPhone.ActiveCfg = Release|Any CPU
		{B0E09999-EDDF-42F3-8AFC-65E7AC489C16}.Release|iPhone.Build.0 = Release|Any CPU
		{B0E09999-EDDF-42F3-8AFC-65E7AC489C16}.Release|iPhoneSimulator.ActiveCfg = Release|Any CPU
		{B0E09999-EDDF-42F3-8AFC-65E7AC489C16}.Release|iPhoneSimulator.Build.0 = Release|Any CPU
		{0D1CC3B4-AF84-449B-A837-5E477D5D1800}.Ad-Hoc|Any CPU.ActiveCfg = Release|Any CPU
		{0D1CC3B4-AF84-449B-A837-5E477D5D1800}.Ad-Hoc|Any CPU.Build.0 = Release|Any CPU
		{0D1CC3B4-AF84-449B-A837-5E477D5D1800}.Ad-Hoc|iPhone.ActiveCfg = Release|Any CPU
		{0D1CC3B4-AF84-449B-A837-5E477D5D1800}.Ad-Hoc|iPhone.Build.0 = Release|Any CPU
		{0D1CC3B4-AF84-449B-A837-5E477D5D1800}.Ad-Hoc|iPhoneSimulator.ActiveCfg = Release|Any CPU
		{0D1CC3B4-AF84-449B-A837-5E477D5D1800}.Ad-Hoc|iPhoneSimulator.Build.0 = Release|Any CPU
		{0D1CC3B4-AF84-449B-A837-5E477D5D1800}.AppStore|Any CPU.ActiveCfg = Release|Any CPU
		{0D1CC3B4-AF84-449B-A837-5E477D5D1800}.AppStore|Any CPU.Build.0 = Release|Any CPU
		{0D1CC3B4-AF84-449B-A837-5E477D5D1800}.AppStore|iPhone.ActiveCfg = Release|Any CPU
		{0D1CC3B4-AF84-449B-A837-5E477D5D1800}.AppStore|iPhone.Build.0 = Release|Any CPU
		{0D1CC3B4-AF84-449B-A837-5E477D5D1800}.AppStore|iPhoneSimulator.ActiveCfg = Release|Any CPU
		{0D1CC3B4-AF84-449B-A837-5E477D5D1800}.AppStore|iPhoneSimulator.Build.0 = Release|Any CPU
		{0D1CC3B4-AF84-449B-A837-5E477D5D1800}.Debug|Any CPU.ActiveCfg = Debug|Any CPU
		{0D1CC3B4-AF84-449B-A837-5E477D5D1800}.Debug|Any CPU.Build.0 = Debug|Any CPU
		{0D1CC3B4-AF84-449B-A837-5E477D5D1800}.Debug|iPhone.ActiveCfg = Debug|Any CPU
		{0D1CC3B4-AF84-449B-A837-5E477D5D1800}.Debug|iPhone.Build.0 = Debug|Any CPU
		{0D1CC3B4-AF84-449B-A837-5E477D5D1800}.Debug|iPhoneSimulator.ActiveCfg = Debug|Any CPU
		{0D1CC3B4-AF84-449B-A837-5E477D5D1800}.Debug|iPhoneSimulator.Build.0 = Debug|Any CPU
		{0D1CC3B4-AF84-449B-A837-5E477D5D1800}.Release|Any CPU.ActiveCfg = Release|Any CPU
		{0D1CC3B4-AF84-449B-A837-5E477D5D1800}.Release|Any CPU.Build.0 = Release|Any CPU
		{0D1CC3B4-AF84-449B-A837-5E477D5D1800}.Release|iPhone.ActiveCfg = Release|Any CPU
		{0D1CC3B4-AF84-449B-A837-5E477D5D1800}.Release|iPhone.Build.0 = Release|Any CPU
		{0D1CC3B4-AF84-449B-A837-5E477D5D1800}.Release|iPhoneSimulator.ActiveCfg = Release|Any CPU
		{0D1CC3B4-AF84-449B-A837-5E477D5D1800}.Release|iPhoneSimulator.Build.0 = Release|Any CPU
		{9C5B7F09-701E-4529-8719-AE1B4D82074F}.Ad-Hoc|Any CPU.ActiveCfg = Release|Any CPU
		{9C5B7F09-701E-4529-8719-AE1B4D82074F}.Ad-Hoc|Any CPU.Build.0 = Release|Any CPU
		{9C5B7F09-701E-4529-8719-AE1B4D82074F}.Ad-Hoc|iPhone.ActiveCfg = Release|Any CPU
		{9C5B7F09-701E-4529-8719-AE1B4D82074F}.Ad-Hoc|iPhone.Build.0 = Release|Any CPU
		{9C5B7F09-701E-4529-8719-AE1B4D82074F}.Ad-Hoc|iPhoneSimulator.ActiveCfg = Release|Any CPU
		{9C5B7F09-701E-4529-8719-AE1B4D82074F}.Ad-Hoc|iPhoneSimulator.Build.0 = Release|Any CPU
		{9C5B7F09-701E-4529-8719-AE1B4D82074F}.AppStore|Any CPU.ActiveCfg = Release|Any CPU
		{9C5B7F09-701E-4529-8719-AE1B4D82074F}.AppStore|Any CPU.Build.0 = Release|Any CPU
		{9C5B7F09-701E-4529-8719-AE1B4D82074F}.AppStore|iPhone.ActiveCfg = Release|Any CPU
		{9C5B7F09-701E-4529-8719-AE1B4D82074F}.AppStore|iPhone.Build.0 = Release|Any CPU
		{9C5B7F09-701E-4529-8719-AE1B4D82074F}.AppStore|iPhoneSimulator.ActiveCfg = Release|Any CPU
		{9C5B7F09-701E-4529-8719-AE1B4D82074F}.AppStore|iPhoneSimulator.Build.0 = Release|Any CPU
		{9C5B7F09-701E-4529-8719-AE1B4D82074F}.Debug|Any CPU.ActiveCfg = Debug|Any CPU
		{9C5B7F09-701E-4529-8719-AE1B4D82074F}.Debug|Any CPU.Build.0 = Debug|Any CPU
		{9C5B7F09-701E-4529-8719-AE1B4D82074F}.Debug|iPhone.ActiveCfg = Debug|Any CPU
		{9C5B7F09-701E-4529-8719-AE1B4D82074F}.Debug|iPhone.Build.0 = Debug|Any CPU
		{9C5B7F09-701E-4529-8719-AE1B4D82074F}.Debug|iPhoneSimulator.ActiveCfg = Debug|Any CPU
		{9C5B7F09-701E-4529-8719-AE1B4D82074F}.Debug|iPhoneSimulator.Build.0 = Debug|Any CPU
		{9C5B7F09-701E-4529-8719-AE1B4D82074F}.Release|Any CPU.ActiveCfg = Release|Any CPU
		{9C5B7F09-701E-4529-8719-AE1B4D82074F}.Release|Any CPU.Build.0 = Release|Any CPU
		{9C5B7F09-701E-4529-8719-AE1B4D82074F}.Release|iPhone.ActiveCfg = Release|Any CPU
		{9C5B7F09-701E-4529-8719-AE1B4D82074F}.Release|iPhone.Build.0 = Release|Any CPU
		{9C5B7F09-701E-4529-8719-AE1B4D82074F}.Release|iPhoneSimulator.ActiveCfg = Release|Any CPU
		{9C5B7F09-701E-4529-8719-AE1B4D82074F}.Release|iPhoneSimulator.Build.0 = Release|Any CPU
	EndGlobalSection
	GlobalSection(SolutionProperties) = preSolution
		HideSolutionNode = FALSE
	EndGlobalSection
	GlobalSection(NestedProjects) = preSolution
		{7C70DEC1-CB95-4BA1-8806-878BFE3CE7BD} = {F8367DCD-C229-4ADA-A267-700F2A654EA0}
		{84221E60-C0A0-4C13-A029-699295FF5C27} = {F8367DCD-C229-4ADA-A267-700F2A654EA0}
		{B1F23D90-45F1-43A1-8AC1-9B27FBDCAF0F} = {F8367DCD-C229-4ADA-A267-700F2A654EA0}
		{D18DC830-0602-4B50-A0F8-9ED07774804E} = {F8367DCD-C229-4ADA-A267-700F2A654EA0}
		{FE46179A-B691-4484-BF7B-2A0F1EA39A87} = {D18DC830-0602-4B50-A0F8-9ED07774804E}
		{67F9D3A8-F71E-4428-913F-C37AE82CDB24} = {D18DC830-0602-4B50-A0F8-9ED07774804E}
		{14CEADAF-7292-41D4-83BF-26CA3AFDC596} = {D18DC830-0602-4B50-A0F8-9ED07774804E}
		{B7019150-4450-419C-8B7D-0E8EDCCA86F5} = {D18DC830-0602-4B50-A0F8-9ED07774804E}
		{23827C35-5144-466F-A75A-160A7C300877} = {D18DC830-0602-4B50-A0F8-9ED07774804E}
		{B0E09999-EDDF-42F3-8AFC-65E7AC489C16} = {23827C35-5144-466F-A75A-160A7C300877}
		{0D1CC3B4-AF84-449B-A837-5E477D5D1800} = {23827C35-5144-466F-A75A-160A7C300877}
		{9C5B7F09-701E-4529-8719-AE1B4D82074F} = {23827C35-5144-466F-A75A-160A7C300877}
	EndGlobalSection
EndGlobal
